# This file is generated by running "yarn install" inside your project.
# Manual changes might be lost - proceed with caution!

__metadata:
  version: 8
  cacheKey: 10c0

"@types/node@npm:^20.11.18":
  version: 20.16.5
  resolution: "@types/node@npm:20.16.5"
  dependencies:
    undici-types: "npm:~6.19.2"
  checksum: 10c0/6af7994129815010bcbc4cf8221865559c8116ff43e74a6549525c2108267596fc2d18aff5d5ecfe089fb60a119f975631343e2c65c52bfa0955ed9dc56733d6
  languageName: node
  linkType: hard

"chokidar@npm:^4.0.0":
  version: 4.0.0
  resolution: "chokidar@npm:4.0.0"
  dependencies:
    readdirp: "npm:^4.0.1"
  checksum: 10c0/42d03c53b0ad200689e4fae7763133561480561cab8ba5304e8f2298ff45ff84bf0f6065c3f02b9e557b74b156813734439a1a2ff19a1ea6b35692395cd92738
  languageName: node
  linkType: hard

"firefox-userchrome@workspace:.":
  version: 0.0.0-use.local
  resolution: "firefox-userchrome@workspace:."
  dependencies:
    "@types/node": "npm:^20.11.18"
    sass: "npm:^1.70.0"
    typescript: "npm:^5.3.3"
  languageName: unknown
  linkType: soft

"immutable@npm:^4.0.0":
  version: 4.3.7
  resolution: "immutable@npm:4.3.7"
  checksum: 10c0/9b099197081b22f6433003e34929da8ecddbbdc1474cdc8aa3b7669dee4adda349c06143de22def36016d1b6de5322b043eccd7a11db1dad2ca85dad4fff5435
  languageName: node
  linkType: hard

"readdirp@npm:^4.0.1":
  version: 4.0.1
  resolution: "readdirp@npm:4.0.1"
  checksum: 10c0/e5a0b547015f68ecc918f115b62b75b2b840611480a9240cb3317090a0ddac01bb9b40315a8fa08acdf52a43eea17b808c89b645263cba3ab64dc557d7f801f1
  languageName: node
  linkType: hard

"sass@npm:^1.70.0":
  version: 1.79.3
  resolution: "sass@npm:1.79.3"
  dependencies:
    chokidar: "npm:^4.0.0"
    immutable: "npm:^4.0.0"
    source-map-js: "npm:>=0.6.2 <2.0.0"
  bin:
    sass: sass.js
  checksum: 10c0/ad171bbbb2d7a789cc47803a59dcf2d0ac92ede34b538bb3fd683b6391a9ac3dc3eabaac264fc9582c770c4e435b85840e011785b7adfc0ac002b51ba91179c9
  languageName: node
  linkType: hard

"source-map-js@npm:>=0.6.2 <2.0.0":
  version: 1.2.1
  resolution: "source-map-js@npm:1.2.1"
  checksum: 10c0/7bda1fc4c197e3c6ff17de1b8b2c20e60af81b63a52cb32ec5a5d67a20a7d42651e2cb34ebe93833c5a2a084377e17455854fee3e21e7925c64a51b6a52b0faf
  languageName: node
  linkType: hard

"typescript@npm:^5.3.3":
  version: 5.6.2
  resolution: "typescript@npm:5.6.2"
  bin:
    tsc: bin/tsc
    tsserver: bin/tsserver
  checksum: 10c0/3ed8297a8c7c56b7fec282532503d1ac795239d06e7c4966b42d4330c6cf433a170b53bcf93a130a7f14ccc5235de5560df4f1045eb7f3550b46ebed16d3c5e5
  languageName: node
  linkType: hard

"typescript@patch:typescript@npm%3A^5.3.3#optional!builtin<compat/typescript>":
  version: 5.6.2
  resolution: "typescript@patch:typescript@npm%3A5.6.2#optional!builtin<compat/typescript>::version=5.6.2&hash=8c6c40"
  bin:
    tsc: bin/tsc
    tsserver: bin/tsserver
  checksum: 10c0/94eb47e130d3edd964b76da85975601dcb3604b0c848a36f63ac448d0104e93819d94c8bdf6b07c00120f2ce9c05256b8b6092d23cf5cf1c6fa911159e4d572f
  languageName: node
  linkType: hard

"undici-types@npm:~6.19.2":
  version: 6.19.8
  resolution: "undici-types@npm:6.19.8"
  checksum: 10c0/078afa5990fba110f6824823ace86073b4638f1d5112ee26e790155f481f2a868cc3e0615505b6f4282bdf74a3d8caad715fd809e870c2bb0704e3ea6082f344
  languageName: node
  linkType: hard
